
Microsoft Visual Studio Solution File, Format Version 12.00
# Visual Studio Version 17
VisualStudioVersion = 17.6.33829.357
MinimumVisualStudioVersion = 10.0.40219.1
Project("{9A19103F-16F7-4668-BE54-9A1E7A4F7556}") = "RegistrationWizard.API", "RegistrationWizard.API.csproj", "{D569B2E6-EFC0-42F3-822F-C21679743EDF}"
EndProject
Project("{9A19103F-16F7-4668-BE54-9A1E7A4F7556}") = "RegistrationWizard.Domain", "RegistrationWizard.Domain\RegistrationWizard.Domain.csproj", "{79637EA1-EC62-4582-B633-E2C3DB416A2B}"
EndProject
Project("{9A19103F-16F7-4668-BE54-9A1E7A4F7556}") = "RegistrationWizard.Infrastructure", "RegistrationWizard.Infrastructure\RegistrationWizard.Infrastructure.csproj", "{BCA592C0-558F-4ED5-B09B-10A7C739D8E4}"
EndProject
Project("{9A19103F-16F7-4668-BE54-9A1E7A4F7556}") = "RegistrationWizard.Application", "RegistrationWizard.Application\RegistrationWizard.Application.csproj", "{58860781-B75A-42EB-9F9B-7D4F244B6B3D}"
EndProject
Global
	GlobalSection(SolutionConfigurationPlatforms) = preSolution
		Debug|Any CPU = Debug|Any CPU
		Release|Any CPU = Release|Any CPU
	EndGlobalSection
	GlobalSection(ProjectConfigurationPlatforms) = postSolution
		{D569B2E6-EFC0-42F3-822F-C21679743EDF}.Debug|Any CPU.ActiveCfg = Debug|Any CPU
		{D569B2E6-EFC0-42F3-822F-C21679743EDF}.Debug|Any CPU.Build.0 = Debug|Any CPU
		{D569B2E6-EFC0-42F3-822F-C21679743EDF}.Release|Any CPU.ActiveCfg = Release|Any CPU
		{D569B2E6-EFC0-42F3-822F-C21679743EDF}.Release|Any CPU.Build.0 = Release|Any CPU
		{79637EA1-EC62-4582-B633-E2C3DB416A2B}.Debug|Any CPU.ActiveCfg = Debug|Any CPU
		{79637EA1-EC62-4582-B633-E2C3DB416A2B}.Debug|Any CPU.Build.0 = Debug|Any CPU
		{79637EA1-EC62-4582-B633-E2C3DB416A2B}.Release|Any CPU.ActiveCfg = Release|Any CPU
		{79637EA1-EC62-4582-B633-E2C3DB416A2B}.Release|Any CPU.Build.0 = Release|Any CPU
		{BCA592C0-558F-4ED5-B09B-10A7C739D8E4}.Debug|Any CPU.ActiveCfg = Debug|Any CPU
		{BCA592C0-558F-4ED5-B09B-10A7C739D8E4}.Debug|Any CPU.Build.0 = Debug|Any CPU
		{BCA592C0-558F-4ED5-B09B-10A7C739D8E4}.Release|Any CPU.ActiveCfg = Release|Any CPU
		{BCA592C0-558F-4ED5-B09B-10A7C739D8E4}.Release|Any CPU.Build.0 = Release|Any CPU
		{58860781-B75A-42EB-9F9B-7D4F244B6B3D}.Debug|Any CPU.ActiveCfg = Debug|Any CPU
		{58860781-B75A-42EB-9F9B-7D4F244B6B3D}.Debug|Any CPU.Build.0 = Debug|Any CPU
		{58860781-B75A-42EB-9F9B-7D4F244B6B3D}.Release|Any CPU.ActiveCfg = Release|Any CPU
		{58860781-B75A-42EB-9F9B-7D4F244B6B3D}.Release|Any CPU.Build.0 = Release|Any CPU
	EndGlobalSection
	GlobalSection(SolutionProperties) = preSolution
		HideSolutionNode = FALSE
	EndGlobalSection
	GlobalSection(ExtensibilityGlobals) = postSolution
		SolutionGuid = {40858D7C-18F7-4953-9BA8-D990CFB5E9C1}
	EndGlobalSection
EndGlobal
